// !$*UTF8*$!
{
	archiveVersion = 1;
	classes = {
	};
	objectVersion = 48;
	objects = {

/* Begin PBXBuildFile section */
		242E24071F84BE7A006707B2 /* AppDelegate.m in Sources */ = {isa = PBXBuildFile; fileRef = 242E24061F84BE7A006707B2 /* AppDelegate.m */; };
		242E240D1F84BE7A006707B2 /* Main.storyboard in Resources */ = {isa = PBXBuildFile; fileRef = 242E240B1F84BE7A006707B2 /* Main.storyboard */; };
		242E240F1F84BE7A006707B2 /* Assets.xcassets in Resources */ = {isa = PBXBuildFile; fileRef = 242E240E1F84BE7A006707B2 /* Assets.xcassets */; };
		242E24121F84BE7A006707B2 /* LaunchScreen.storyboard in Resources */ = {isa = PBXBuildFile; fileRef = 242E24101F84BE7A006707B2 /* LaunchScreen.storyboard */; };
		242E24151F84BE7A006707B2 /* main.m in Sources */ = {isa = PBXBuildFile; fileRef = 242E24141F84BE7A006707B2 /* main.m */; };
		242E242A1F84BE7A006707B2 /* StackOverflowUITests.m in Sources */ = {isa = PBXBuildFile; fileRef = 242E24291F84BE7A006707B2 /* StackOverflowUITests.m */; };
		242E243C1F84BF49006707B2 /* QuestionsTableViewController.m in Sources */ = {isa = PBXBuildFile; fileRef = 242E243B1F84BF49006707B2 /* QuestionsTableViewController.m */; };
		242E243F1F84BF7A006707B2 /* QuestionsCell.m in Sources */ = {isa = PBXBuildFile; fileRef = 242E243E1F84BF7A006707B2 /* QuestionsCell.m */; };
		242E24421F84D2F7006707B2 /* QuestionsFields.m in Sources */ = {isa = PBXBuildFile; fileRef = 242E24411F84D2F7006707B2 /* QuestionsFields.m */; };
		242E24461F84D7F8006707B2 /* QuestionsResultFetch.m in Sources */ = {isa = PBXBuildFile; fileRef = 242E24451F84D7F8006707B2 /* QuestionsResultFetch.m */; };
		29005BF61F90A8FC0037B995 /* StackOverflowTests.m in Sources */ = {isa = PBXBuildFile; fileRef = 29005BF51F90A8FC0037B995 /* StackOverflowTests.m */; };
		29EEE1B31F8E2316006B3EF9 /* QuestionRequest.m in Sources */ = {isa = PBXBuildFile; fileRef = 29EEE1B21F8E2316006B3EF9 /* QuestionRequest.m */; };
/* End PBXBuildFile section */

/* Begin PBXContainerItemProxy section */
		242E24261F84BE7A006707B2 /* PBXContainerItemProxy */ = {
			isa = PBXContainerItemProxy;
			containerPortal = 242E23FA1F84BE7A006707B2 /* Project object */;
			proxyType = 1;
			remoteGlobalIDString = 242E24011F84BE7A006707B2;
			remoteInfo = StackOverflow;
		};
		29005BF81F90A8FC0037B995 /* PBXContainerItemProxy */ = {
			isa = PBXContainerItemProxy;
			containerPortal = 242E23FA1F84BE7A006707B2 /* Project object */;
			proxyType = 1;
			remoteGlobalIDString = 242E24011F84BE7A006707B2;
			remoteInfo = StackOverflow;
		};
/* End PBXContainerItemProxy section */

/* Begin PBXFileReference section */
		2206EFAC1F862A30005D12BE /* README.md */ = {isa = PBXFileReference; lastKnownFileType = net.daringfireball.markdown; path = README.md; sourceTree = "<group>"; };
		22B87A761F863598001013D0 /* QuartzCore.framework */ = {isa = PBXFileReference; lastKnownFileType = wrapper.framework; name = QuartzCore.framework; path = System/Library/Frameworks/QuartzCore.framework; sourceTree = SDKROOT; };
		242E24021F84BE7A006707B2 /* StackOverflow.app */ = {isa = PBXFileReference; explicitFileType = wrapper.application; includeInIndex = 0; path = StackOverflow.app; sourceTree = BUILT_PRODUCTS_DIR; };
		242E24051F84BE7A006707B2 /* AppDelegate.h */ = {isa = PBXFileReference; lastKnownFileType = sourcecode.c.h; path = AppDelegate.h; sourceTree = "<group>"; };
		242E24061F84BE7A006707B2 /* AppDelegate.m */ = {isa = PBXFileReference; lastKnownFileType = sourcecode.c.objc; path = AppDelegate.m; sourceTree = "<group>"; };
		242E240C1F84BE7A006707B2 /* Base */ = {isa = PBXFileReference; lastKnownFileType = file.storyboard; name = Base; path = Base.lproj/Main.storyboard; sourceTree = "<group>"; };
		242E240E1F84BE7A006707B2 /* Assets.xcassets */ = {isa = PBXFileReference; lastKnownFileType = folder.assetcatalog; path = Assets.xcassets; sourceTree = "<group>"; };
		242E24111F84BE7A006707B2 /* Base */ = {isa = PBXFileReference; lastKnownFileType = file.storyboard; name = Base; path = Base.lproj/LaunchScreen.storyboard; sourceTree = "<group>"; };
		242E24131F84BE7A006707B2 /* Info.plist */ = {isa = PBXFileReference; lastKnownFileType = text.plist.xml; path = Info.plist; sourceTree = "<group>"; };
		242E24141F84BE7A006707B2 /* main.m */ = {isa = PBXFileReference; lastKnownFileType = sourcecode.c.objc; path = main.m; sourceTree = "<group>"; };
		242E24251F84BE7A006707B2 /* StackOverflowUITests.xctest */ = {isa = PBXFileReference; explicitFileType = wrapper.cfbundle; includeInIndex = 0; path = StackOverflowUITests.xctest; sourceTree = BUILT_PRODUCTS_DIR; };
		242E24291F84BE7A006707B2 /* StackOverflowUITests.m */ = {isa = PBXFileReference; lastKnownFileType = sourcecode.c.objc; path = StackOverflowUITests.m; sourceTree = "<group>"; };
		242E242B1F84BE7A006707B2 /* Info.plist */ = {isa = PBXFileReference; lastKnownFileType = text.plist.xml; path = Info.plist; sourceTree = "<group>"; };
		242E243A1F84BF49006707B2 /* QuestionsTableViewController.h */ = {isa = PBXFileReference; lastKnownFileType = sourcecode.c.h; path = QuestionsTableViewController.h; sourceTree = "<group>"; };
		242E243B1F84BF49006707B2 /* QuestionsTableViewController.m */ = {isa = PBXFileReference; lastKnownFileType = sourcecode.c.objc; path = QuestionsTableViewController.m; sourceTree = "<group>"; };
		242E243D1F84BF7A006707B2 /* QuestionsCell.h */ = {isa = PBXFileReference; lastKnownFileType = sourcecode.c.h; path = QuestionsCell.h; sourceTree = "<group>"; };
		242E243E1F84BF7A006707B2 /* QuestionsCell.m */ = {isa = PBXFileReference; lastKnownFileType = sourcecode.c.objc; path = QuestionsCell.m; sourceTree = "<group>"; };
		242E24401F84D2F7006707B2 /* QuestionsFields.h */ = {isa = PBXFileReference; lastKnownFileType = sourcecode.c.h; path = QuestionsFields.h; sourceTree = "<group>"; };
		242E24411F84D2F7006707B2 /* QuestionsFields.m */ = {isa = PBXFileReference; lastKnownFileType = sourcecode.c.objc; path = QuestionsFields.m; sourceTree = "<group>"; };
		242E24441F84D7F8006707B2 /* QuestionsResultFetch.h */ = {isa = PBXFileReference; lastKnownFileType = sourcecode.c.h; path = QuestionsResultFetch.h; sourceTree = "<group>"; };
		242E24451F84D7F8006707B2 /* QuestionsResultFetch.m */ = {isa = PBXFileReference; lastKnownFileType = sourcecode.c.objc; path = QuestionsResultFetch.m; sourceTree = "<group>"; };
		29005BED1F90A5FB0037B995 /* XCTest.framework */ = {isa = PBXFileReference; lastKnownFileType = wrapper.framework; name = XCTest.framework; path = Platforms/iPhoneOS.platform/Developer/Library/Frameworks/XCTest.framework; sourceTree = DEVELOPER_DIR; };
		29005BF31F90A8FC0037B995 /* StackOverflowTests.xctest */ = {isa = PBXFileReference; explicitFileType = wrapper.cfbundle; includeInIndex = 0; path = StackOverflowTests.xctest; sourceTree = BUILT_PRODUCTS_DIR; };
		29005BF51F90A8FC0037B995 /* StackOverflowTests.m */ = {isa = PBXFileReference; lastKnownFileType = sourcecode.c.objc; path = StackOverflowTests.m; sourceTree = "<group>"; };
		29005BF71F90A8FC0037B995 /* Info.plist */ = {isa = PBXFileReference; lastKnownFileType = text.plist.xml; path = Info.plist; sourceTree = "<group>"; };
		29EEE1B01F8E2316006B3EF9 /* QuestionsRequestDelegate.h */ = {isa = PBXFileReference; lastKnownFileType = sourcecode.c.h; path = QuestionsRequestDelegate.h; sourceTree = "<group>"; };
		29EEE1B11F8E2316006B3EF9 /* QuestionRequest.h */ = {isa = PBXFileReference; lastKnownFileType = sourcecode.c.h; path = QuestionRequest.h; sourceTree = "<group>"; };
		29EEE1B21F8E2316006B3EF9 /* QuestionRequest.m */ = {isa = PBXFileReference; lastKnownFileType = sourcecode.c.objc; path = QuestionRequest.m; sourceTree = "<group>"; };
		29EEE1B41F8E2D4A006B3EF9 /* QuestionsFetchDelegate.h */ = {isa = PBXFileReference; lastKnownFileType = sourcecode.c.h; path = QuestionsFetchDelegate.h; sourceTree = "<group>"; };
/* End PBXFileReference section */

/* Begin PBXFrameworksBuildPhase section */
		242E23FF1F84BE7A006707B2 /* Frameworks */ = {
			isa = PBXFrameworksBuildPhase;
			buildActionMask = 2147483647;
			files = (
			);
			runOnlyForDeploymentPostprocessing = 0;
		};
		242E24221F84BE7A006707B2 /* Frameworks */ = {
			isa = PBXFrameworksBuildPhase;
			buildActionMask = 2147483647;
			files = (
			);
			runOnlyForDeploymentPostprocessing = 0;
		};
		29005BF01F90A8FC0037B995 /* Frameworks */ = {
			isa = PBXFrameworksBuildPhase;
			buildActionMask = 2147483647;
			files = (
			);
			runOnlyForDeploymentPostprocessing = 0;
		};
/* End PBXFrameworksBuildPhase section */

/* Begin PBXGroup section */
		22B87A751F863598001013D0 /* Frameworks */ = {
			isa = PBXGroup;
			children = (
				29005BED1F90A5FB0037B995 /* XCTest.framework */,
				22B87A761F863598001013D0 /* QuartzCore.framework */,
			);
			name = Frameworks;
			sourceTree = "<group>";
		};
		242E23F91F84BE7A006707B2 = {
			isa = PBXGroup;
			children = (
				2206EFAC1F862A30005D12BE /* README.md */,
				242E24041F84BE7A006707B2 /* StackOverflow */,
				29005BF41F90A8FC0037B995 /* StackOverflowTests */,
				242E24281F84BE7A006707B2 /* StackOverflowUITests */,
				242E24031F84BE7A006707B2 /* Products */,
				22B87A751F863598001013D0 /* Frameworks */,
			);
			sourceTree = "<group>";
		};
		242E24031F84BE7A006707B2 /* Products */ = {
			isa = PBXGroup;
			children = (
				242E24021F84BE7A006707B2 /* StackOverflow.app */,
				242E24251F84BE7A006707B2 /* StackOverflowUITests.xctest */,
				29005BF31F90A8FC0037B995 /* StackOverflowTests.xctest */,
			);
			name = Products;
			sourceTree = "<group>";
		};
		242E24041F84BE7A006707B2 /* StackOverflow */ = {
			isa = PBXGroup;
			children = (
				242E24391F84BF22006707B2 /* Controller */,
				242E24381F84BF19006707B2 /* View */,
				242E24371F84BF12006707B2 /* Model */,
				242E24051F84BE7A006707B2 /* AppDelegate.h */,
				242E24061F84BE7A006707B2 /* AppDelegate.m */,
				242E240E1F84BE7A006707B2 /* Assets.xcassets */,
				242E24101F84BE7A006707B2 /* LaunchScreen.storyboard */,
				242E24131F84BE7A006707B2 /* Info.plist */,
				242E24141F84BE7A006707B2 /* main.m */,
			);
			path = StackOverflow;
			sourceTree = "<group>";
		};
		242E24281F84BE7A006707B2 /* StackOverflowUITests */ = {
			isa = PBXGroup;
			children = (
				242E24291F84BE7A006707B2 /* StackOverflowUITests.m */,
				242E242B1F84BE7A006707B2 /* Info.plist */,
			);
			path = StackOverflowUITests;
			sourceTree = "<group>";
		};
		242E24371F84BF12006707B2 /* Model */ = {
			isa = PBXGroup;
			children = (
				29EEE1B01F8E2316006B3EF9 /* QuestionsRequestDelegate.h */,
				29EEE1B11F8E2316006B3EF9 /* QuestionRequest.h */,
				29EEE1B21F8E2316006B3EF9 /* QuestionRequest.m */,
				242E24401F84D2F7006707B2 /* QuestionsFields.h */,
				242E24411F84D2F7006707B2 /* QuestionsFields.m */,
				29EEE1B41F8E2D4A006B3EF9 /* QuestionsFetchDelegate.h */,
				242E24441F84D7F8006707B2 /* QuestionsResultFetch.h */,
				242E24451F84D7F8006707B2 /* QuestionsResultFetch.m */,
			);
			path = Model;
			sourceTree = "<group>";
		};
		242E24381F84BF19006707B2 /* View */ = {
			isa = PBXGroup;
			children = (
				242E240B1F84BE7A006707B2 /* Main.storyboard */,
			);
			path = View;
			sourceTree = "<group>";
		};
		242E24391F84BF22006707B2 /* Controller */ = {
			isa = PBXGroup;
			children = (
				242E243A1F84BF49006707B2 /* QuestionsTableViewController.h */,
				242E243B1F84BF49006707B2 /* QuestionsTableViewController.m */,
				242E243D1F84BF7A006707B2 /* QuestionsCell.h */,
				242E243E1F84BF7A006707B2 /* QuestionsCell.m */,
			);
			path = Controller;
			sourceTree = "<group>";
		};
		29005BF41F90A8FC0037B995 /* StackOverflowTests */ = {
			isa = PBXGroup;
			children = (
				29005BF51F90A8FC0037B995 /* StackOverflowTests.m */,
				29005BF71F90A8FC0037B995 /* Info.plist */,
			);
			path = StackOverflowTests;
			sourceTree = "<group>";
		};
/* End PBXGroup section */

/* Begin PBXNativeTarget section */
		242E24011F84BE7A006707B2 /* StackOverflow */ = {
			isa = PBXNativeTarget;
			buildConfigurationList = 242E242E1F84BE7A006707B2 /* Build configuration list for PBXNativeTarget "StackOverflow" */;
			buildPhases = (
				242E23FE1F84BE7A006707B2 /* Sources */,
				242E23FF1F84BE7A006707B2 /* Frameworks */,
				242E24001F84BE7A006707B2 /* Resources */,
			);
			buildRules = (
			);
			dependencies = (
			);
			name = StackOverflow;
			productName = StackOverflow;
			productReference = 242E24021F84BE7A006707B2 /* StackOverflow.app */;
			productType = "com.apple.product-type.application";
		};
		242E24241F84BE7A006707B2 /* StackOverflowUITests */ = {
			isa = PBXNativeTarget;
			buildConfigurationList = 242E24341F84BE7A006707B2 /* Build configuration list for PBXNativeTarget "StackOverflowUITests" */;
			buildPhases = (
				242E24211F84BE7A006707B2 /* Sources */,
				242E24221F84BE7A006707B2 /* Frameworks */,
				242E24231F84BE7A006707B2 /* Resources */,
			);
			buildRules = (
			);
			dependencies = (
				242E24271F84BE7A006707B2 /* PBXTargetDependency */,
			);
			name = StackOverflowUITests;
			productName = StackOverflowUITests;
			productReference = 242E24251F84BE7A006707B2 /* StackOverflowUITests.xctest */;
			productType = "com.apple.product-type.bundle.ui-testing";
		};
		29005BF21F90A8FC0037B995 /* StackOverflowTests */ = {
			isa = PBXNativeTarget;
			buildConfigurationList = 29005BFA1F90A8FC0037B995 /* Build configuration list for PBXNativeTarget "StackOverflowTests" */;
			buildPhases = (
				29005BEF1F90A8FC0037B995 /* Sources */,
				29005BF01F90A8FC0037B995 /* Frameworks */,
				29005BF11F90A8FC0037B995 /* Resources */,
			);
			buildRules = (
			);
			dependencies = (
				29005BF91F90A8FC0037B995 /* PBXTargetDependency */,
			);
			name = StackOverflowTests;
			productName = StackOverflowTests;
			productReference = 29005BF31F90A8FC0037B995 /* StackOverflowTests.xctest */;
			productType = "com.apple.product-type.bundle.unit-test";
		};
/* End PBXNativeTarget section */

/* Begin PBXProject section */
		242E23FA1F84BE7A006707B2 /* Project object */ = {
			isa = PBXProject;
			attributes = {
				LastUpgradeCheck = 0900;
				ORGANIZATIONNAME = DVT;
				TargetAttributes = {
					242E24011F84BE7A006707B2 = {
						CreatedOnToolsVersion = 9.0;
						ProvisioningStyle = Automatic;
					};
					242E24241F84BE7A006707B2 = {
						CreatedOnToolsVersion = 9.0;
						ProvisioningStyle = Automatic;
						TestTargetID = 242E24011F84BE7A006707B2;
					};
					29005BF21F90A8FC0037B995 = {
						CreatedOnToolsVersion = 9.0;
						ProvisioningStyle = Automatic;
						TestTargetID = 242E24011F84BE7A006707B2;
					};
				};
			};
			buildConfigurationList = 242E23FD1F84BE7A006707B2 /* Build configuration list for PBXProject "StackOverflow" */;
			compatibilityVersion = "Xcode 8.0";
			developmentRegion = en;
			hasScannedForEncodings = 0;
			knownRegions = (
				en,
				Base,
			);
			mainGroup = 242E23F91F84BE7A006707B2;
			productRefGroup = 242E24031F84BE7A006707B2 /* Products */;
			projectDirPath = "";
			projectRoot = "";
			targets = (
				242E24011F84BE7A006707B2 /* StackOverflow */,
				242E24241F84BE7A006707B2 /* StackOverflowUITests */,
				29005BF21F90A8FC0037B995 /* StackOverflowTests */,
			);
		};
/* End PBXProject section */

/* Begin PBXResourcesBuildPhase section */
		242E24001F84BE7A006707B2 /* Resources */ = {
			isa = PBXResourcesBuildPhase;
			buildActionMask = 2147483647;
			files = (
				242E24121F84BE7A006707B2 /* LaunchScreen.storyboard in Resources */,
				242E240F1F84BE7A006707B2 /* Assets.xcassets in Resources */,
				242E240D1F84BE7A006707B2 /* Main.storyboard in Resources */,
			);
			runOnlyForDeploymentPostprocessing = 0;
		};
		242E24231F84BE7A006707B2 /* Resources */ = {
			isa = PBXResourcesBuildPhase;
			buildActionMask = 2147483647;
			files = (
			);
			runOnlyForDeploymentPostprocessing = 0;
		};
		29005BF11F90A8FC0037B995 /* Resources */ = {
			isa = PBXResourcesBuildPhase;
			buildActionMask = 2147483647;
			files = (
			);
			runOnlyForDeploymentPostprocessing = 0;
		};
/* End PBXResourcesBuildPhase section */

/* Begin PBXSourcesBuildPhase section */
		242E23FE1F84BE7A006707B2 /* Sources */ = {
			isa = PBXSourcesBuildPhase;
			buildActionMask = 2147483647;
			files = (
				242E24151F84BE7A006707B2 /* main.m in Sources */,
				242E243F1F84BF7A006707B2 /* QuestionsCell.m in Sources */,
				242E24461F84D7F8006707B2 /* QuestionsResultFetch.m in Sources */,
				242E24421F84D2F7006707B2 /* QuestionsFields.m in Sources */,
				242E24071F84BE7A006707B2 /* AppDelegate.m in Sources */,
				29EEE1B31F8E2316006B3EF9 /* QuestionRequest.m in Sources */,
				242E243C1F84BF49006707B2 /* QuestionsTableViewController.m in Sources */,
			);
			runOnlyForDeploymentPostprocessing = 0;
		};
		242E24211F84BE7A006707B2 /* Sources */ = {
			isa = PBXSourcesBuildPhase;
			buildActionMask = 2147483647;
			files = (
				242E242A1F84BE7A006707B2 /* StackOverflowUITests.m in Sources */,
			);
			runOnlyForDeploymentPostprocessing = 0;
		};
		29005BEF1F90A8FC0037B995 /* Sources */ = {
			isa = PBXSourcesBuildPhase;
			buildActionMask = 2147483647;
			files = (
				29005BF61F90A8FC0037B995 /* StackOverflowTests.m in Sources */,
			);
			runOnlyForDeploymentPostprocessing = 0;
		};
/* End PBXSourcesBuildPhase section */

/* Begin PBXTargetDependency section */
		242E24271F84BE7A006707B2 /* PBXTargetDependency */ = {
			isa = PBXTargetDependency;
			target = 242E24011F84BE7A006707B2 /* StackOverflow */;
			targetProxy = 242E24261F84BE7A006707B2 /* PBXContainerItemProxy */;
		};
		29005BF91F90A8FC0037B995 /* PBXTargetDependency */ = {
			isa = PBXTargetDependency;
			target = 242E24011F84BE7A006707B2 /* StackOverflow */;
			targetProxy = 29005BF81F90A8FC0037B995 /* PBXContainerItemProxy */;
		};
/* End PBXTargetDependency section */

/* Begin PBXVariantGroup section */
		242E240B1F84BE7A006707B2 /* Main.storyboard */ = {
			isa = PBXVariantGroup;
			children = (
				242E240C1F84BE7A006707B2 /* Base */,
			);
			name = Main.storyboard;
			sourceTree = "<group>";
		};
		242E24101F84BE7A006707B2 /* LaunchScreen.storyboard */ = {
			isa = PBXVariantGroup;
			children = (
				242E24111F84BE7A006707B2 /* Base */,
			);
			name = LaunchScreen.storyboard;
			sourceTree = "<group>";
		};
/* End PBXVariantGroup section */

/* Begin XCBuildConfiguration section */
		242E242C1F84BE7A006707B2 /* Debug */ = {
			isa = XCBuildConfiguration;
			buildSettings = {
				ALWAYS_SEARCH_USER_PATHS = NO;
				CLANG_ANALYZER_NONNULL = YES;
				CLANG_ANALYZER_NUMBER_OBJECT_CONVERSION = YES_AGGRESSIVE;
				CLANG_CXX_LANGUAGE_STANDARD = "gnu++14";
				CLANG_CXX_LIBRARY = "libc++";
				CLANG_ENABLE_MODULES = YES;
				CLANG_ENABLE_OBJC_ARC = YES;
				CLANG_WARN_BLOCK_CAPTURE_AUTORELEASING = YES;
				CLANG_WARN_BOOL_CONVERSION = YES;
				CLANG_WARN_COMMA = YES;
				CLANG_WARN_CONSTANT_CONVERSION = YES;
				CLANG_WARN_DIRECT_OBJC_ISA_USAGE = YES_ERROR;
				CLANG_WARN_DOCUMENTATION_COMMENTS = YES;
				CLANG_WARN_EMPTY_BODY = YES;
				CLANG_WARN_ENUM_CONVERSION = YES;
				CLANG_WARN_INFINITE_RECURSION = YES;
				CLANG_WARN_INT_CONVERSION = YES;
				CLANG_WARN_NON_LITERAL_NULL_CONVERSION = YES;
				CLANG_WARN_OBJC_LITERAL_CONVERSION = YES;
				CLANG_WARN_OBJC_ROOT_CLASS = YES_ERROR;
				CLANG_WARN_RANGE_LOOP_ANALYSIS = YES;
				CLANG_WARN_STRICT_PROTOTYPES = YES;
				CLANG_WARN_SUSPICIOUS_MOVE = YES;
				CLANG_WARN_UNGUARDED_AVAILABILITY = YES_AGGRESSIVE;
				CLANG_WARN_UNREACHABLE_CODE = YES;
				CLANG_WARN__DUPLICATE_METHOD_MATCH = YES;
				CODE_SIGN_IDENTITY = "iPhone Developer";
				COPY_PHASE_STRIP = NO;
				DEBUG_INFORMATION_FORMAT = dwarf;
				ENABLE_STRICT_OBJC_MSGSEND = YES;
				ENABLE_TESTABILITY = YES;
				GCC_C_LANGUAGE_STANDARD = gnu11;
				GCC_DYNAMIC_NO_PIC = NO;
				GCC_NO_COMMON_BLOCKS = YES;
				GCC_OPTIMIZATION_LEVEL = 0;
				GCC_PREPROCESSOR_DEFINITIONS = (
					"DEBUG=1",
					"$(inherited)",
				);
				GCC_WARN_64_TO_32_BIT_CONVERSION = YES;
				GCC_WARN_ABOUT_RETURN_TYPE = YES_ERROR;
				GCC_WARN_UNDECLARED_SELECTOR = YES;
				GCC_WARN_UNINITIALIZED_AUTOS = YES_AGGRESSIVE;
				GCC_WARN_UNUSED_FUNCTION = YES;
				GCC_WARN_UNUSED_VARIABLE = YES;
				IPHONEOS_DEPLOYMENT_TARGET = 10.0;
				MTL_ENABLE_DEBUG_INFO = YES;
				ONLY_ACTIVE_ARCH = YES;
				SDKROOT = iphoneos;
			};
			name = Debug;
		};
		242E242D1F84BE7A006707B2 /* Release */ = {
			isa = XCBuildConfiguration;
			buildSettings = {
				ALWAYS_SEARCH_USER_PATHS = NO;
				CLANG_ANALYZER_NONNULL = YES;
				CLANG_ANALYZER_NUMBER_OBJECT_CONVERSION = YES_AGGRESSIVE;
				CLANG_CXX_LANGUAGE_STANDARD = "gnu++14";
				CLANG_CXX_LIBRARY = "libc++";
				CLANG_ENABLE_MODULES = YES;
				CLANG_ENABLE_OBJC_ARC = YES;
				CLANG_WARN_BLOCK_CAPTURE_AUTORELEASING = YES;
				CLANG_WARN_BOOL_CONVERSION = YES;
				CLANG_WARN_COMMA = YES;
				CLANG_WARN_CONSTANT_CONVERSION = YES;
				CLANG_WARN_DIRECT_OBJC_ISA_USAGE = YES_ERROR;
				CLANG_WARN_DOCUMENTATION_COMMENTS = YES;
				CLANG_WARN_EMPTY_BODY = YES;
				CLANG_WARN_ENUM_CONVERSION = YES;
				CLANG_WARN_INFINITE_RECURSION = YES;
				CLANG_WARN_INT_CONVERSION = YES;
				CLANG_WARN_NON_LITERAL_NULL_CONVERSION = YES;
				CLANG_WARN_OBJC_LITERAL_CONVERSION = YES;
				CLANG_WARN_OBJC_ROOT_CLASS = YES_ERROR;
				CLANG_WARN_RANGE_LOOP_ANALYSIS = YES;
				CLANG_WARN_STRICT_PROTOTYPES = YES;
				CLANG_WARN_SUSPICIOUS_MOVE = YES;
				CLANG_WARN_UNGUARDED_AVAILABILITY = YES_AGGRESSIVE;
				CLANG_WARN_UNREACHABLE_CODE = YES;
				CLANG_WARN__DUPLICATE_METHOD_MATCH = YES;
				CODE_SIGN_IDENTITY = "iPhone Developer";
				COPY_PHASE_STRIP = NO;
				DEBUG_INFORMATION_FORMAT = "dwarf-with-dsym";
				ENABLE_NS_ASSERTIONS = NO;
				ENABLE_STRICT_OBJC_MSGSEND = YES;
				GCC_C_LANGUAGE_STANDARD = gnu11;
				GCC_NO_COMMON_BLOCKS = YES;
				GCC_WARN_64_TO_32_BIT_CONVERSION = YES;
				GCC_WARN_ABOUT_RETURN_TYPE = YES_ERROR;
				GCC_WARN_UNDECLARED_SELECTOR = YES;
				GCC_WARN_UNINITIALIZED_AUTOS = YES_AGGRESSIVE;
				GCC_WARN_UNUSED_FUNCTION = YES;
				GCC_WARN_UNUSED_VARIABLE = YES;
				IPHONEOS_DEPLOYMENT_TARGET = 10.0;
				MTL_ENABLE_DEBUG_INFO = NO;
				SDKROOT = iphoneos;
				VALIDATE_PRODUCT = YES;
			};
			name = Release;
		};
		242E242F1F84BE7A006707B2 /* Debug */ = {
			isa = XCBuildConfiguration;
			buildSettings = {
				ASSETCATALOG_COMPILER_APPICON_NAME = AppIcon;
				CODE_SIGN_STYLE = Automatic;
				DEVELOPMENT_TEAM = LGQ42S9JCP;
				INFOPLIST_FILE = StackOverflow/Info.plist;
				LD_RUNPATH_SEARCH_PATHS = "$(inherited) @executable_path/Frameworks";
				PRODUCT_BUNDLE_IDENTIFIER = za.co.dvt.StackOverflow;
				PRODUCT_NAME = "$(TARGET_NAME)";
				TARGETED_DEVICE_FAMILY = "1,2";
			};
			name = Debug;
		};
		242E24301F84BE7A006707B2 /* Release */ = {
			isa = XCBuildConfiguration;
			buildSettings = {
				ASSETCATALOG_COMPILER_APPICON_NAME = AppIcon;
				CODE_SIGN_STYLE = Automatic;
				DEVELOPMENT_TEAM = LGQ42S9JCP;
				INFOPLIST_FILE = StackOverflow/Info.plist;
				LD_RUNPATH_SEARCH_PATHS = "$(inherited) @executable_path/Frameworks";
				PRODUCT_BUNDLE_IDENTIFIER = za.co.dvt.StackOverflow;
				PRODUCT_NAME = "$(TARGET_NAME)";
				TARGETED_DEVICE_FAMILY = "1,2";
			};
			name = Release;
		};
		242E24351F84BE7A006707B2 /* Debug */ = {
			isa = XCBuildConfiguration;
			buildSettings = {
				CODE_SIGN_STYLE = Automatic;
				DEVELOPMENT_TEAM = LGQ42S9JCP;
				INFOPLIST_FILE = StackOverflowUITests/Info.plist;
				LD_RUNPATH_SEARCH_PATHS = "$(inherited) @executable_path/Frameworks @loader_path/Frameworks";
				PRODUCT_BUNDLE_IDENTIFIER = za.co.dvt.StackOverflowUITests;
				PRODUCT_NAME = "$(TARGET_NAME)";
				TARGETED_DEVICE_FAMILY = "1,2";
				TEST_TARGET_NAME = StackOverflow;
			};
			name = Debug;
		};
		242E24361F84BE7A006707B2 /* Release */ = {
			isa = XCBuildConfiguration;
			buildSettings = {
				CODE_SIGN_STYLE = Automatic;
				DEVELOPMENT_TEAM = LGQ42S9JCP;
				INFOPLIST_FILE = StackOverflowUITests/Info.plist;
				LD_RUNPATH_SEARCH_PATHS = "$(inherited) @executable_path/Frameworks @loader_path/Frameworks";
				PRODUCT_BUNDLE_IDENTIFIER = za.co.dvt.StackOverflowUITests;
				PRODUCT_NAME = "$(TARGET_NAME)";
				TARGETED_DEVICE_FAMILY = "1,2";
				TEST_TARGET_NAME = StackOverflow;
			};
			name = Release;
		};
		29005BFB1F90A8FC0037B995 /* Debug */ = {
			isa = XCBuildConfiguration;
			buildSettings = {
				BUNDLE_LOADER = "$(TEST_HOST)";
				CODE_SIGN_STYLE = Automatic;
				INFOPLIST_FILE = StackOverflowTests/Info.plist;
				IPHONEOS_DEPLOYMENT_TARGET = 11.0;
				LD_RUNPATH_SEARCH_PATHS = "$(inherited) @executable_path/Frameworks @loader_path/Frameworks";
				PRODUCT_BUNDLE_IDENTIFIER = za.co.dvt.jhb.StackOverflowTests;
				PRODUCT_NAME = "$(TARGET_NAME)";
				TARGETED_DEVICE_FAMILY = "1,2";
				TEST_HOST = "$(BUILT_PRODUCTS_DIR)/StackOverflow.app/StackOverflow";
			};
			name = Debug;
		};
		29005BFC1F90A8FC0037B995 /* Release */ = {
			isa = XCBuildConfiguration;
			buildSettings = {
				BUNDLE_LOADER = "$(TEST_HOST)";
				CODE_SIGN_STYLE = Automatic;
				INFOPLIST_FILE = StackOverflowTests/Info.plist;
				IPHONEOS_DEPLOYMENT_TARGET = 11.0;
				LD_RUNPATH_SEARCH_PATHS = "$(inherited) @executable_path/Frameworks @loader_path/Frameworks";
				PRODUCT_BUNDLE_IDENTIFIER = za.co.dvt.jhb.StackOverflowTests;
				PRODUCT_NAME = "$(TARGET_NAME)";
				TARGETED_DEVICE_FAMILY = "1,2";
				TEST_HOST = "$(BUILT_PRODUCTS_DIR)/StackOverflow.app/StackOverflow";
			};
			name = Release;
		};
/* End XCBuildConfiguration section */

/* Begin XCConfigurationList section */
		242E23FD1F84BE7A006707B2 /* Build configuration list for PBXProject "StackOverflow" */ = {
			isa = XCConfigurationList;
			buildConfigurations = (
				242E242C1F84BE7A006707B2 /* Debug */,
				242E242D1F84BE7A006707B2 /* Release */,
			);
			defaultConfigurationIsVisible = 0;
			defaultConfigurationName = Release;
		};
		242E242E1F84BE7A006707B2 /* Build configuration list for PBXNativeTarget "StackOverflow" */ = {
			isa = XCConfigurationList;
			buildConfigurations = (
				242E242F1F84BE7A006707B2 /* Debug */,
				242E24301F84BE7A006707B2 /* Release */,
			);
			defaultConfigurationIsVisible = 0;
			defaultConfigurationName = Release;
		};
		242E24341F84BE7A006707B2 /* Build configuration list for PBXNativeTarget "StackOverflowUITests" */ = {
			isa = XCConfigurationList;
			buildConfigurations = (
				242E24351F84BE7A006707B2 /* Debug */,
				242E24361F84BE7A006707B2 /* Release */,
			);
			defaultConfigurationIsVisible = 0;
			defaultConfigurationName = Release;
		};
		29005BFA1F90A8FC0037B995 /* Build configuration list for PBXNativeTarget "StackOverflowTests" */ = {
			isa = XCConfigurationList;
			buildConfigurations = (
				29005BFB1F90A8FC0037B995 /* Debug */,
				29005BFC1F90A8FC0037B995 /* Release */,
			);
			defaultConfigurationIsVisible = 0;
			defaultConfigurationName = Release;
		};
/* End XCConfigurationList section */
	};
	rootObject = 242E23FA1F84BE7A006707B2 /* Project object */;
}
